
Microsoft Visual Studio Solution File, Format Version 12.00
# Visual Studio Version 16
VisualStudioVersion = 16.0.31321.278
MinimumVisualStudioVersion = 10.0.40219.1
Project("{FAE04EC0-301F-11D3-BF4B-00C04F79EFBC}") = "AppWCF", "AppWCF\AppWCF.csproj", "{6C38D6D7-149B-4D91-9013-FC2C7270C62A}"
	ProjectSection(ProjectDependencies) = postProject
		{AEB26442-17A0-428B-AE0F-4D5E8D5E2DD2} = {AEB26442-17A0-428B-AE0F-4D5E8D5E2DD2}
	EndProjectSection
EndProject
Project("{FAE04EC0-301F-11D3-BF4B-00C04F79EFBC}") = "WCFServicios", "WCFServicios\WCFServicios.csproj", "{AEB26442-17A0-428B-AE0F-4D5E8D5E2DD2}"
EndProject
Global
	GlobalSection(SolutionConfigurationPlatforms) = preSolution
		Debug|Any CPU = Debug|Any CPU
		Release|Any CPU = Release|Any CPU
	EndGlobalSection
	GlobalSection(ProjectConfigurationPlatforms) = postSolution
		{6C38D6D7-149B-4D91-9013-FC2C7270C62A}.Debug|Any CPU.ActiveCfg = Debug|Any CPU
		{6C38D6D7-149B-4D91-9013-FC2C7270C62A}.Debug|Any CPU.Build.0 = Debug|Any CPU
		{6C38D6D7-149B-4D91-9013-FC2C7270C62A}.Release|Any CPU.ActiveCfg = Release|Any CPU
		{6C38D6D7-149B-4D91-9013-FC2C7270C62A}.Release|Any CPU.Build.0 = Release|Any CPU
		{AEB26442-17A0-428B-AE0F-4D5E8D5E2DD2}.Debug|Any CPU.ActiveCfg = Debug|Any CPU
		{AEB26442-17A0-428B-AE0F-4D5E8D5E2DD2}.Debug|Any CPU.Build.0 = Debug|Any CPU
		{AEB26442-17A0-428B-AE0F-4D5E8D5E2DD2}.Release|Any CPU.ActiveCfg = Release|Any CPU
		{AEB26442-17A0-428B-AE0F-4D5E8D5E2DD2}.Release|Any CPU.Build.0 = Release|Any CPU
	EndGlobalSection
	GlobalSection(SolutionProperties) = preSolution
		HideSolutionNode = FALSE
	EndGlobalSection
	GlobalSection(ExtensibilityGlobals) = postSolution
		SolutionGuid = {81ABAE3A-C973-4F4D-8749-7F391867530B}
	EndGlobalSection
EndGlobal
